
Microsoft Visual Studio Solution File, Format Version 12.00
# Visual Studio Version 16
VisualStudioVersion = 16.0.30011.22
MinimumVisualStudioVersion = 10.0.40219.1
Project("{FAE04EC0-301F-11D3-BF4B-00C04F79EFBC}") = "KTTM", "KTTM\KTTM.csproj", "{6A9DBF26-B4F7-43E2-AA54-0210C6EAD1FB}"
EndProject
Project("{FAE04EC0-301F-11D3-BF4B-00C04F79EFBC}") = "Data", "Data\Data.csproj", "{55A77056-4ECD-4360-B6F5-27509B4F2CC3}"
EndProject
Global
	GlobalSection(SolutionConfigurationPlatforms) = preSolution
		Debug|Any CPU = Debug|Any CPU
		Release|Any CPU = Release|Any CPU
	EndGlobalSection
	GlobalSection(ProjectConfigurationPlatforms) = postSolution
		{6A9DBF26-B4F7-43E2-AA54-0210C6EAD1FB}.Debug|Any CPU.ActiveCfg = Debug|Any CPU
		{6A9DBF26-B4F7-43E2-AA54-0210C6EAD1FB}.Debug|Any CPU.Build.0 = Debug|Any CPU
		{6A9DBF26-B4F7-43E2-AA54-0210C6EAD1FB}.Release|Any CPU.ActiveCfg = Release|Any CPU
		{6A9DBF26-B4F7-43E2-AA54-0210C6EAD1FB}.Release|Any CPU.Build.0 = Release|Any CPU
		{55A77056-4ECD-4360-B6F5-27509B4F2CC3}.Debug|Any CPU.ActiveCfg = Debug|Any CPU
		{55A77056-4ECD-4360-B6F5-27509B4F2CC3}.Debug|Any CPU.Build.0 = Debug|Any CPU
		{55A77056-4ECD-4360-B6F5-27509B4F2CC3}.Release|Any CPU.ActiveCfg = Release|Any CPU
		{55A77056-4ECD-4360-B6F5-27509B4F2CC3}.Release|Any CPU.Build.0 = Release|Any CPU
	EndGlobalSection
	GlobalSection(SolutionProperties) = preSolution
		HideSolutionNode = FALSE
	EndGlobalSection
	GlobalSection(ExtensibilityGlobals) = postSolution
		SolutionGuid = {088B04F4-C717-4198-886E-452674828A06}
	EndGlobalSection
EndGlobal
